// !$*UTF8*$!
{
	archiveVersion = 1;
	classes = {
	};
	objectVersion = 77;
	objects = {

/* Begin PBXBuildFile section */
		355621CE2552940C79B52CED /* Pods_JikgwanEottaeTests.framework in Frameworks */ = {isa = PBXBuildFile; fileRef = 227FC6D17E2DCEC23AEC522A /* Pods_JikgwanEottaeTests.framework */; };
		6AA464DC53AC8150F90C8F58 /* Pods_JikgwanEottae.framework in Frameworks */ = {isa = PBXBuildFile; fileRef = DCB8337F9005B790643C476C /* Pods_JikgwanEottae.framework */; };
		EF987ABE837B52019032317F /* Pods_JikgwanEottae_JikgwanEottaeUITests.framework in Frameworks */ = {isa = PBXBuildFile; fileRef = 2F4530CAEC98FE2747E51578 /* Pods_JikgwanEottae_JikgwanEottaeUITests.framework */; };
/* End PBXBuildFile section */

/* Begin PBXContainerItemProxy section */
		2595F3842E2E907400E293B2 /* PBXContainerItemProxy */ = {
			isa = PBXContainerItemProxy;
			containerPortal = 2595F3622E2E907300E293B2 /* Project object */;
			proxyType = 1;
			remoteGlobalIDString = 2595F3692E2E907300E293B2;
			remoteInfo = JikgwanEottae;
		};
		2595F38E2E2E907400E293B2 /* PBXContainerItemProxy */ = {
			isa = PBXContainerItemProxy;
			containerPortal = 2595F3622E2E907300E293B2 /* Project object */;
			proxyType = 1;
			remoteGlobalIDString = 2595F3692E2E907300E293B2;
			remoteInfo = JikgwanEottae;
		};
/* End PBXContainerItemProxy section */

/* Begin PBXFileReference section */
		058622F14FB1B16536C55BFD /* Pods-JikgwanEottae.release.xcconfig */ = {isa = PBXFileReference; includeInIndex = 1; lastKnownFileType = text.xcconfig; name = "Pods-JikgwanEottae.release.xcconfig"; path = "Target Support Files/Pods-JikgwanEottae/Pods-JikgwanEottae.release.xcconfig"; sourceTree = "<group>"; };
		1240A95680BF90E572159DBE /* Pods-JikgwanEottaeTests.release.xcconfig */ = {isa = PBXFileReference; includeInIndex = 1; lastKnownFileType = text.xcconfig; name = "Pods-JikgwanEottaeTests.release.xcconfig"; path = "Target Support Files/Pods-JikgwanEottaeTests/Pods-JikgwanEottaeTests.release.xcconfig"; sourceTree = "<group>"; };
		227FC6D17E2DCEC23AEC522A /* Pods_JikgwanEottaeTests.framework */ = {isa = PBXFileReference; explicitFileType = wrapper.framework; includeInIndex = 0; path = Pods_JikgwanEottaeTests.framework; sourceTree = BUILT_PRODUCTS_DIR; };
		24D792AFA642EFBE51AF0CA6 /* Pods-JikgwanEottaeTests.debug.xcconfig */ = {isa = PBXFileReference; includeInIndex = 1; lastKnownFileType = text.xcconfig; name = "Pods-JikgwanEottaeTests.debug.xcconfig"; path = "Target Support Files/Pods-JikgwanEottaeTests/Pods-JikgwanEottaeTests.debug.xcconfig"; sourceTree = "<group>"; };
		2595F36A2E2E907300E293B2 /* JikgwanEottae.app */ = {isa = PBXFileReference; explicitFileType = wrapper.application; includeInIndex = 0; path = JikgwanEottae.app; sourceTree = BUILT_PRODUCTS_DIR; };
		2595F3832E2E907400E293B2 /* JikgwanEottaeTests.xctest */ = {isa = PBXFileReference; explicitFileType = wrapper.cfbundle; includeInIndex = 0; path = JikgwanEottaeTests.xctest; sourceTree = BUILT_PRODUCTS_DIR; };
		2595F38D2E2E907400E293B2 /* JikgwanEottaeUITests.xctest */ = {isa = PBXFileReference; explicitFileType = wrapper.cfbundle; includeInIndex = 0; path = JikgwanEottaeUITests.xctest; sourceTree = BUILT_PRODUCTS_DIR; };
		2F4530CAEC98FE2747E51578 /* Pods_JikgwanEottae_JikgwanEottaeUITests.framework */ = {isa = PBXFileReference; explicitFileType = wrapper.framework; includeInIndex = 0; path = Pods_JikgwanEottae_JikgwanEottaeUITests.framework; sourceTree = BUILT_PRODUCTS_DIR; };
		46BAF2A5889FD61FA3FD3970 /* Pods-JikgwanEottae-JikgwanEottaeUITests.debug.xcconfig */ = {isa = PBXFileReference; includeInIndex = 1; lastKnownFileType = text.xcconfig; name = "Pods-JikgwanEottae-JikgwanEottaeUITests.debug.xcconfig"; path = "Target Support Files/Pods-JikgwanEottae-JikgwanEottaeUITests/Pods-JikgwanEottae-JikgwanEottaeUITests.debug.xcconfig"; sourceTree = "<group>"; };
		4916649204A9712080F8E29F /* Pods-JikgwanEottae.debug.xcconfig */ = {isa = PBXFileReference; includeInIndex = 1; lastKnownFileType = text.xcconfig; name = "Pods-JikgwanEottae.debug.xcconfig"; path = "Target Support Files/Pods-JikgwanEottae/Pods-JikgwanEottae.debug.xcconfig"; sourceTree = "<group>"; };
		9198CFC8B94D1FB4354331A1 /* Pods-JikgwanEottae-JikgwanEottaeUITests.release.xcconfig */ = {isa = PBXFileReference; includeInIndex = 1; lastKnownFileType = text.xcconfig; name = "Pods-JikgwanEottae-JikgwanEottaeUITests.release.xcconfig"; path = "Target Support Files/Pods-JikgwanEottae-JikgwanEottaeUITests/Pods-JikgwanEottae-JikgwanEottaeUITests.release.xcconfig"; sourceTree = "<group>"; };
		DCB8337F9005B790643C476C /* Pods_JikgwanEottae.framework */ = {isa = PBXFileReference; explicitFileType = wrapper.framework; includeInIndex = 0; path = Pods_JikgwanEottae.framework; sourceTree = BUILT_PRODUCTS_DIR; };
/* End PBXFileReference section */

/* Begin PBXFileSystemSynchronizedBuildFileExceptionSet section */
		2595F3952E2E907400E293B2 /* Exceptions for "JikgwanEottae" folder in "JikgwanEottae" target */ = {
			isa = PBXFileSystemSynchronizedBuildFileExceptionSet;
			membershipExceptions = (
				Resource/Info.plist,
			);
			target = 2595F3692E2E907300E293B2 /* JikgwanEottae */;
		};
/* End PBXFileSystemSynchronizedBuildFileExceptionSet section */

/* Begin PBXFileSystemSynchronizedRootGroup section */
		2595F36C2E2E907300E293B2 /* JikgwanEottae */ = {
			isa = PBXFileSystemSynchronizedRootGroup;
			exceptions = (
				2595F3952E2E907400E293B2 /* Exceptions for "JikgwanEottae" folder in "JikgwanEottae" target */,
			);
			path = JikgwanEottae;
			sourceTree = "<group>";
		};
		2595F3862E2E907400E293B2 /* JikgwanEottaeTests */ = {
			isa = PBXFileSystemSynchronizedRootGroup;
			path = JikgwanEottaeTests;
			sourceTree = "<group>";
		};
		2595F3902E2E907400E293B2 /* JikgwanEottaeUITests */ = {
			isa = PBXFileSystemSynchronizedRootGroup;
			path = JikgwanEottaeUITests;
			sourceTree = "<group>";
		};
/* End PBXFileSystemSynchronizedRootGroup section */

/* Begin PBXFrameworksBuildPhase section */
		2595F3672E2E907300E293B2 /* Frameworks */ = {
			isa = PBXFrameworksBuildPhase;
			buildActionMask = 2147483647;
			files = (
				6AA464DC53AC8150F90C8F58 /* Pods_JikgwanEottae.framework in Frameworks */,
			);
			runOnlyForDeploymentPostprocessing = 0;
		};
		2595F3802E2E907400E293B2 /* Frameworks */ = {
			isa = PBXFrameworksBuildPhase;
			buildActionMask = 2147483647;
			files = (
				355621CE2552940C79B52CED /* Pods_JikgwanEottaeTests.framework in Frameworks */,
			);
			runOnlyForDeploymentPostprocessing = 0;
		};
		2595F38A2E2E907400E293B2 /* Frameworks */ = {
			isa = PBXFrameworksBuildPhase;
			buildActionMask = 2147483647;
			files = (
				EF987ABE837B52019032317F /* Pods_JikgwanEottae_JikgwanEottaeUITests.framework in Frameworks */,
			);
			runOnlyForDeploymentPostprocessing = 0;
		};
/* End PBXFrameworksBuildPhase section */

/* Begin PBXGroup section */
		2595F3612E2E907300E293B2 = {
			isa = PBXGroup;
			children = (
				2595F36C2E2E907300E293B2 /* JikgwanEottae */,
				2595F3862E2E907400E293B2 /* JikgwanEottaeTests */,
				2595F3902E2E907400E293B2 /* JikgwanEottaeUITests */,
				2595F36B2E2E907300E293B2 /* Products */,
				7C9D4F80CA5B97F5A52CAA4C /* Pods */,
				8D596C5AD6E5239150D351D7 /* Frameworks */,
			);
			sourceTree = "<group>";
		};
		2595F36B2E2E907300E293B2 /* Products */ = {
			isa = PBXGroup;
			children = (
				2595F36A2E2E907300E293B2 /* JikgwanEottae.app */,
				2595F3832E2E907400E293B2 /* JikgwanEottaeTests.xctest */,
				2595F38D2E2E907400E293B2 /* JikgwanEottaeUITests.xctest */,
			);
			name = Products;
			sourceTree = "<group>";
		};
		7C9D4F80CA5B97F5A52CAA4C /* Pods */ = {
			isa = PBXGroup;
			children = (
				4916649204A9712080F8E29F /* Pods-JikgwanEottae.debug.xcconfig */,
				058622F14FB1B16536C55BFD /* Pods-JikgwanEottae.release.xcconfig */,
				46BAF2A5889FD61FA3FD3970 /* Pods-JikgwanEottae-JikgwanEottaeUITests.debug.xcconfig */,
				9198CFC8B94D1FB4354331A1 /* Pods-JikgwanEottae-JikgwanEottaeUITests.release.xcconfig */,
				24D792AFA642EFBE51AF0CA6 /* Pods-JikgwanEottaeTests.debug.xcconfig */,
				1240A95680BF90E572159DBE /* Pods-JikgwanEottaeTests.release.xcconfig */,
			);
			path = Pods;
			sourceTree = "<group>";
		};
		8D596C5AD6E5239150D351D7 /* Frameworks */ = {
			isa = PBXGroup;
			children = (
				DCB8337F9005B790643C476C /* Pods_JikgwanEottae.framework */,
				2F4530CAEC98FE2747E51578 /* Pods_JikgwanEottae_JikgwanEottaeUITests.framework */,
				227FC6D17E2DCEC23AEC522A /* Pods_JikgwanEottaeTests.framework */,
			);
			name = Frameworks;
			sourceTree = "<group>";
		};
/* End PBXGroup section */

/* Begin PBXNativeTarget section */
		2595F3692E2E907300E293B2 /* JikgwanEottae */ = {
			isa = PBXNativeTarget;
			buildConfigurationList = 2595F3962E2E907400E293B2 /* Build configuration list for PBXNativeTarget "JikgwanEottae" */;
			buildPhases = (
				0E011D983FAAAA3725BEEE63 /* [CP] Check Pods Manifest.lock */,
				2595F3662E2E907300E293B2 /* Sources */,
				2595F3672E2E907300E293B2 /* Frameworks */,
				2595F3682E2E907300E293B2 /* Resources */,
				1BA08AD97BBDAD958FBA1D9D /* [CP] Embed Pods Frameworks */,
			);
			buildRules = (
			);
			dependencies = (
			);
			fileSystemSynchronizedGroups = (
				2595F36C2E2E907300E293B2 /* JikgwanEottae */,
			);
			name = JikgwanEottae;
			productName = JikgwanEottae;
			productReference = 2595F36A2E2E907300E293B2 /* JikgwanEottae.app */;
			productType = "com.apple.product-type.application";
		};
		2595F3822E2E907400E293B2 /* JikgwanEottaeTests */ = {
			isa = PBXNativeTarget;
			buildConfigurationList = 2595F39B2E2E907400E293B2 /* Build configuration list for PBXNativeTarget "JikgwanEottaeTests" */;
			buildPhases = (
				B1C5DCDA36D4DD5DA5EC414B /* [CP] Check Pods Manifest.lock */,
				2595F37F2E2E907400E293B2 /* Sources */,
				2595F3802E2E907400E293B2 /* Frameworks */,
				2595F3812E2E907400E293B2 /* Resources */,
			);
			buildRules = (
			);
			dependencies = (
				2595F3852E2E907400E293B2 /* PBXTargetDependency */,
			);
			fileSystemSynchronizedGroups = (
				2595F3862E2E907400E293B2 /* JikgwanEottaeTests */,
			);
			name = JikgwanEottaeTests;
			productName = JikgwanEottaeTests;
			productReference = 2595F3832E2E907400E293B2 /* JikgwanEottaeTests.xctest */;
			productType = "com.apple.product-type.bundle.unit-test";
		};
		2595F38C2E2E907400E293B2 /* JikgwanEottaeUITests */ = {
			isa = PBXNativeTarget;
			buildConfigurationList = 2595F39E2E2E907400E293B2 /* Build configuration list for PBXNativeTarget "JikgwanEottaeUITests" */;
			buildPhases = (
				635BDEFCF3EE60ED88E7A742 /* [CP] Check Pods Manifest.lock */,
				2595F3892E2E907400E293B2 /* Sources */,
				2595F38A2E2E907400E293B2 /* Frameworks */,
				2595F38B2E2E907400E293B2 /* Resources */,
				F0CA3C692FE3A39A7AC9BF6A /* [CP] Embed Pods Frameworks */,
			);
			buildRules = (
			);
			dependencies = (
				2595F38F2E2E907400E293B2 /* PBXTargetDependency */,
			);
			fileSystemSynchronizedGroups = (
				2595F3902E2E907400E293B2 /* JikgwanEottaeUITests */,
			);
			name = JikgwanEottaeUITests;
			productName = JikgwanEottaeUITests;
			productReference = 2595F38D2E2E907400E293B2 /* JikgwanEottaeUITests.xctest */;
			productType = "com.apple.product-type.bundle.ui-testing";
		};
/* End PBXNativeTarget section */

/* Begin PBXProject section */
		2595F3622E2E907300E293B2 /* Project object */ = {
			isa = PBXProject;
			attributes = {
				BuildIndependentTargetsInParallel = 1;
				LastSwiftUpdateCheck = 1640;
				LastUpgradeCheck = 1640;
				TargetAttributes = {
					2595F3692E2E907300E293B2 = {
						CreatedOnToolsVersion = 16.4;
					};
					2595F3822E2E907400E293B2 = {
						CreatedOnToolsVersion = 16.4;
						TestTargetID = 2595F3692E2E907300E293B2;
					};
					2595F38C2E2E907400E293B2 = {
						CreatedOnToolsVersion = 16.4;
						TestTargetID = 2595F3692E2E907300E293B2;
					};
				};
			};
			buildConfigurationList = 2595F3652E2E907300E293B2 /* Build configuration list for PBXProject "JikgwanEottae" */;
			developmentRegion = en;
			hasScannedForEncodings = 0;
			knownRegions = (
				en,
				Base,
			);
			mainGroup = 2595F3612E2E907300E293B2;
			minimizedProjectReferenceProxies = 1;
			preferredProjectObjectVersion = 77;
			productRefGroup = 2595F36B2E2E907300E293B2 /* Products */;
			projectDirPath = "";
			projectRoot = "";
			targets = (
				2595F3692E2E907300E293B2 /* JikgwanEottae */,
				2595F3822E2E907400E293B2 /* JikgwanEottaeTests */,
				2595F38C2E2E907400E293B2 /* JikgwanEottaeUITests */,
			);
		};
/* End PBXProject section */

/* Begin PBXResourcesBuildPhase section */
		2595F3682E2E907300E293B2 /* Resources */ = {
			isa = PBXResourcesBuildPhase;
			buildActionMask = 2147483647;
			files = (
			);
			runOnlyForDeploymentPostprocessing = 0;
		};
		2595F3812E2E907400E293B2 /* Resources */ = {
			isa = PBXResourcesBuildPhase;
			buildActionMask = 2147483647;
			files = (
			);
			runOnlyForDeploymentPostprocessing = 0;
		};
		2595F38B2E2E907400E293B2 /* Resources */ = {
			isa = PBXResourcesBuildPhase;
			buildActionMask = 2147483647;
			files = (
			);
			runOnlyForDeploymentPostprocessing = 0;
		};
/* End PBXResourcesBuildPhase section */

/* Begin PBXShellScriptBuildPhase section */
		0E011D983FAAAA3725BEEE63 /* [CP] Check Pods Manifest.lock */ = {
			isa = PBXShellScriptBuildPhase;
			buildActionMask = 2147483647;
			files = (
			);
			inputFileListPaths = (
			);
			inputPaths = (
				"${PODS_PODFILE_DIR_PATH}/Podfile.lock",
				"${PODS_ROOT}/Manifest.lock",
			);
			name = "[CP] Check Pods Manifest.lock";
			outputFileListPaths = (
			);
			outputPaths = (
				"$(DERIVED_FILE_DIR)/Pods-JikgwanEottae-checkManifestLockResult.txt",
			);
			runOnlyForDeploymentPostprocessing = 0;
			shellPath = /bin/sh;
			shellScript = "diff \"${PODS_PODFILE_DIR_PATH}/Podfile.lock\" \"${PODS_ROOT}/Manifest.lock\" > /dev/null\nif [ $? != 0 ] ; then\n    # print error to STDERR\n    echo \"error: The sandbox is not in sync with the Podfile.lock. Run 'pod install' or update your CocoaPods installation.\" >&2\n    exit 1\nfi\n# This output is used by Xcode 'outputs' to avoid re-running this script phase.\necho \"SUCCESS\" > \"${SCRIPT_OUTPUT_FILE_0}\"\n";
			showEnvVarsInLog = 0;
		};
		1BA08AD97BBDAD958FBA1D9D /* [CP] Embed Pods Frameworks */ = {
			isa = PBXShellScriptBuildPhase;
			buildActionMask = 2147483647;
			files = (
			);
			inputFileListPaths = (
				"${PODS_ROOT}/Target Support Files/Pods-JikgwanEottae/Pods-JikgwanEottae-frameworks-${CONFIGURATION}-input-files.xcfilelist",
			);
			inputPaths = (
			);
			name = "[CP] Embed Pods Frameworks";
			outputFileListPaths = (
				"${PODS_ROOT}/Target Support Files/Pods-JikgwanEottae/Pods-JikgwanEottae-frameworks-${CONFIGURATION}-output-files.xcfilelist",
			);
			outputPaths = (
			);
			runOnlyForDeploymentPostprocessing = 0;
			shellPath = /bin/sh;
			shellScript = "\"${PODS_ROOT}/Target Support Files/Pods-JikgwanEottae/Pods-JikgwanEottae-frameworks.sh\"\n";
			showEnvVarsInLog = 0;
		};
		635BDEFCF3EE60ED88E7A742 /* [CP] Check Pods Manifest.lock */ = {
			isa = PBXShellScriptBuildPhase;
			buildActionMask = 2147483647;
			files = (
			);
			inputFileListPaths = (
			);
			inputPaths = (
				"${PODS_PODFILE_DIR_PATH}/Podfile.lock",
				"${PODS_ROOT}/Manifest.lock",
			);
			name = "[CP] Check Pods Manifest.lock";
			outputFileListPaths = (
			);
			outputPaths = (
				"$(DERIVED_FILE_DIR)/Pods-JikgwanEottae-JikgwanEottaeUITests-checkManifestLockResult.txt",
			);
			runOnlyForDeploymentPostprocessing = 0;
			shellPath = /bin/sh;
			shellScript = "diff \"${PODS_PODFILE_DIR_PATH}/Podfile.lock\" \"${PODS_ROOT}/Manifest.lock\" > /dev/null\nif [ $? != 0 ] ; then\n    # print error to STDERR\n    echo \"error: The sandbox is not in sync with the Podfile.lock. Run 'pod install' or update your CocoaPods installation.\" >&2\n    exit 1\nfi\n# This output is used by Xcode 'outputs' to avoid re-running this script phase.\necho \"SUCCESS\" > \"${SCRIPT_OUTPUT_FILE_0}\"\n";
			showEnvVarsInLog = 0;
		};
		B1C5DCDA36D4DD5DA5EC414B /* [CP] Check Pods Manifest.lock */ = {
			isa = PBXShellScriptBuildPhase;
			buildActionMask = 2147483647;
			files = (
			);
			inputFileListPaths = (
			);
			inputPaths = (
				"${PODS_PODFILE_DIR_PATH}/Podfile.lock",
				"${PODS_ROOT}/Manifest.lock",
			);
			name = "[CP] Check Pods Manifest.lock";
			outputFileListPaths = (
			);
			outputPaths = (
				"$(DERIVED_FILE_DIR)/Pods-JikgwanEottaeTests-checkManifestLockResult.txt",
			);
			runOnlyForDeploymentPostprocessing = 0;
			shellPath = /bin/sh;
			shellScript = "diff \"${PODS_PODFILE_DIR_PATH}/Podfile.lock\" \"${PODS_ROOT}/Manifest.lock\" > /dev/null\nif [ $? != 0 ] ; then\n    # print error to STDERR\n    echo \"error: The sandbox is not in sync with the Podfile.lock. Run 'pod install' or update your CocoaPods installation.\" >&2\n    exit 1\nfi\n# This output is used by Xcode 'outputs' to avoid re-running this script phase.\necho \"SUCCESS\" > \"${SCRIPT_OUTPUT_FILE_0}\"\n";
			showEnvVarsInLog = 0;
		};
		F0CA3C692FE3A39A7AC9BF6A /* [CP] Embed Pods Frameworks */ = {
			isa = PBXShellScriptBuildPhase;
			buildActionMask = 2147483647;
			files = (
			);
			inputFileListPaths = (
				"${PODS_ROOT}/Target Support Files/Pods-JikgwanEottae-JikgwanEottaeUITests/Pods-JikgwanEottae-JikgwanEottaeUITests-frameworks-${CONFIGURATION}-input-files.xcfilelist",
			);
			inputPaths = (
			);
			name = "[CP] Embed Pods Frameworks";
			outputFileListPaths = (
				"${PODS_ROOT}/Target Support Files/Pods-JikgwanEottae-JikgwanEottaeUITests/Pods-JikgwanEottae-JikgwanEottaeUITests-frameworks-${CONFIGURATION}-output-files.xcfilelist",
			);
			outputPaths = (
			);
			runOnlyForDeploymentPostprocessing = 0;
			shellPath = /bin/sh;
			shellScript = "\"${PODS_ROOT}/Target Support Files/Pods-JikgwanEottae-JikgwanEottaeUITests/Pods-JikgwanEottae-JikgwanEottaeUITests-frameworks.sh\"\n";
			showEnvVarsInLog = 0;
		};
/* End PBXShellScriptBuildPhase section */

/* Begin PBXSourcesBuildPhase section */
		2595F3662E2E907300E293B2 /* Sources */ = {
			isa = PBXSourcesBuildPhase;
			buildActionMask = 2147483647;
			files = (
			);
			runOnlyForDeploymentPostprocessing = 0;
		};
		2595F37F2E2E907400E293B2 /* Sources */ = {
			isa = PBXSourcesBuildPhase;
			buildActionMask = 2147483647;
			files = (
			);
			runOnlyForDeploymentPostprocessing = 0;
		};
		2595F3892E2E907400E293B2 /* Sources */ = {
			isa = PBXSourcesBuildPhase;
			buildActionMask = 2147483647;
			files = (
			);
			runOnlyForDeploymentPostprocessing = 0;
		};
/* End PBXSourcesBuildPhase section */

/* Begin PBXTargetDependency section */
		2595F3852E2E907400E293B2 /* PBXTargetDependency */ = {
			isa = PBXTargetDependency;
			target = 2595F3692E2E907300E293B2 /* JikgwanEottae */;
			targetProxy = 2595F3842E2E907400E293B2 /* PBXContainerItemProxy */;
		};
		2595F38F2E2E907400E293B2 /* PBXTargetDependency */ = {
			isa = PBXTargetDependency;
			target = 2595F3692E2E907300E293B2 /* JikgwanEottae */;
			targetProxy = 2595F38E2E2E907400E293B2 /* PBXContainerItemProxy */;
		};
/* End PBXTargetDependency section */

/* Begin XCBuildConfiguration section */
		2595F3972E2E907400E293B2 /* Debug */ = {
			isa = XCBuildConfiguration;
			baseConfigurationReference = 4916649204A9712080F8E29F /* Pods-JikgwanEottae.debug.xcconfig */;
			buildSettings = {
				ASSETCATALOG_COMPILER_APPICON_NAME = AppIcon;
				ASSETCATALOG_COMPILER_GLOBAL_ACCENT_COLOR_NAME = AccentColor;
				CODE_SIGN_STYLE = Automatic;
				CURRENT_PROJECT_VERSION = 1;
				DEVELOPMENT_TEAM = 4VFRVNS33P;
				ENABLE_USER_SCRIPT_SANDBOXING = NO;
				GENERATE_INFOPLIST_FILE = YES;
				INFOPLIST_FILE = JikgwanEottae/Resource/Info.plist;
				INFOPLIST_KEY_UIApplicationSupportsIndirectInputEvents = YES;
				INFOPLIST_KEY_UILaunchStoryboardName = LaunchScreen;
				INFOPLIST_KEY_UISupportedInterfaceOrientations = UIInterfaceOrientationPortrait;
				INFOPLIST_KEY_UISupportedInterfaceOrientations_iPad = "UIInterfaceOrientationLandscapeLeft UIInterfaceOrientationLandscapeRight UIInterfaceOrientationPortrait UIInterfaceOrientationPortraitUpsideDown";
				IPHONEOS_DEPLOYMENT_TARGET = 16.6;
				LD_RUNPATH_SEARCH_PATHS = (
					"$(inherited)",
					"@executable_path/Frameworks",
				);
				MARKETING_VERSION = 1.0;
				PRODUCT_BUNDLE_IDENTIFIER = com.stitch.JikgwanEottae;
				PRODUCT_NAME = "$(TARGET_NAME)";
				SUPPORTED_PLATFORMS = "iphoneos iphonesimulator";
				SUPPORTS_MACCATALYST = NO;
				SUPPORTS_MAC_DESIGNED_FOR_IPHONE_IPAD = NO;
				SUPPORTS_XR_DESIGNED_FOR_IPHONE_IPAD = NO;
				SWIFT_EMIT_LOC_STRINGS = YES;
				SWIFT_VERSION = 5.0;
				TARGETED_DEVICE_FAMILY = 1;
			};
			name = Debug;
		};
		2595F3982E2E907400E293B2 /* Release */ = {
			isa = XCBuildConfiguration;
			baseConfigurationReference = 058622F14FB1B16536C55BFD /* Pods-JikgwanEottae.release.xcconfig */;
			buildSettings = {
				ASSETCATALOG_COMPILER_APPICON_NAME = AppIcon;
				ASSETCATALOG_COMPILER_GLOBAL_ACCENT_COLOR_NAME = AccentColor;
				CODE_SIGN_STYLE = Automatic;
				CURRENT_PROJECT_VERSION = 1;
				DEVELOPMENT_TEAM = 4VFRVNS33P;
				ENABLE_USER_SCRIPT_SANDBOXING = NO;
				GENERATE_INFOPLIST_FILE = YES;
				INFOPLIST_FILE = JikgwanEottae/Resource/Info.plist;
				INFOPLIST_KEY_UIApplicationSupportsIndirectInputEvents = YES;
				INFOPLIST_KEY_UILaunchStoryboardName = LaunchScreen;
				INFOPLIST_KEY_UISupportedInterfaceOrientations = UIInterfaceOrientationPortrait;
				INFOPLIST_KEY_UISupportedInterfaceOrientations_iPad = "UIInterfaceOrientationLandscapeLeft UIInterfaceOrientationLandscapeRight UIInterfaceOrientationPortrait UIInterfaceOrientationPortraitUpsideDown";
				IPHONEOS_DEPLOYMENT_TARGET = 16.6;
				LD_RUNPATH_SEARCH_PATHS = (
					"$(inherited)",
					"@executable_path/Frameworks",
				);
				MARKETING_VERSION = 1.0;
				PRODUCT_BUNDLE_IDENTIFIER = com.stitch.JikgwanEottae;
				PRODUCT_NAME = "$(TARGET_NAME)";
				SUPPORTED_PLATFORMS = "iphoneos iphonesimulator";
				SUPPORTS_MACCATALYST = NO;
				SUPPORTS_MAC_DESIGNED_FOR_IPHONE_IPAD = NO;
				SUPPORTS_XR_DESIGNED_FOR_IPHONE_IPAD = NO;
				SWIFT_EMIT_LOC_STRINGS = YES;
				SWIFT_VERSION = 5.0;
				TARGETED_DEVICE_FAMILY = 1;
			};
			name = Release;
		};
		2595F3992E2E907400E293B2 /* Debug */ = {
			isa = XCBuildConfiguration;
			buildSettings = {
				ALWAYS_SEARCH_USER_PATHS = NO;
				ASSETCATALOG_COMPILER_GENERATE_SWIFT_ASSET_SYMBOL_EXTENSIONS = YES;
				CLANG_ANALYZER_NONNULL = YES;
				CLANG_ANALYZER_NUMBER_OBJECT_CONVERSION = YES_AGGRESSIVE;
				CLANG_CXX_LANGUAGE_STANDARD = "gnu++20";
				CLANG_ENABLE_MODULES = YES;
				CLANG_ENABLE_OBJC_ARC = YES;
				CLANG_ENABLE_OBJC_WEAK = YES;
				CLANG_WARN_BLOCK_CAPTURE_AUTORELEASING = YES;
				CLANG_WARN_BOOL_CONVERSION = YES;
				CLANG_WARN_COMMA = YES;
				CLANG_WARN_CONSTANT_CONVERSION = YES;
				CLANG_WARN_DEPRECATED_OBJC_IMPLEMENTATIONS = YES;
				CLANG_WARN_DIRECT_OBJC_ISA_USAGE = YES_ERROR;
				CLANG_WARN_DOCUMENTATION_COMMENTS = YES;
				CLANG_WARN_EMPTY_BODY = YES;
				CLANG_WARN_ENUM_CONVERSION = YES;
				CLANG_WARN_INFINITE_RECURSION = YES;
				CLANG_WARN_INT_CONVERSION = YES;
				CLANG_WARN_NON_LITERAL_NULL_CONVERSION = YES;
				CLANG_WARN_OBJC_IMPLICIT_RETAIN_SELF = YES;
				CLANG_WARN_OBJC_LITERAL_CONVERSION = YES;
				CLANG_WARN_OBJC_ROOT_CLASS = YES_ERROR;
				CLANG_WARN_QUOTED_INCLUDE_IN_FRAMEWORK_HEADER = YES;
				CLANG_WARN_RANGE_LOOP_ANALYSIS = YES;
				CLANG_WARN_STRICT_PROTOTYPES = YES;
				CLANG_WARN_SUSPICIOUS_MOVE = YES;
				CLANG_WARN_UNGUARDED_AVAILABILITY = YES_AGGRESSIVE;
				CLANG_WARN_UNREACHABLE_CODE = YES;
				CLANG_WARN__DUPLICATE_METHOD_MATCH = YES;
				COPY_PHASE_STRIP = NO;
				DEBUG_INFORMATION_FORMAT = dwarf;
				DEVELOPMENT_TEAM = 4VFRVNS33P;
				ENABLE_STRICT_OBJC_MSGSEND = YES;
				ENABLE_TESTABILITY = YES;
				ENABLE_USER_SCRIPT_SANDBOXING = YES;
				GCC_C_LANGUAGE_STANDARD = gnu17;
				GCC_DYNAMIC_NO_PIC = NO;
				GCC_NO_COMMON_BLOCKS = YES;
				GCC_OPTIMIZATION_LEVEL = 0;
				GCC_PREPROCESSOR_DEFINITIONS = (
					"DEBUG=1",
					"$(inherited)",
				);
				GCC_WARN_64_TO_32_BIT_CONVERSION = YES;
				GCC_WARN_ABOUT_RETURN_TYPE = YES_ERROR;
				GCC_WARN_UNDECLARED_SELECTOR = YES;
				GCC_WARN_UNINITIALIZED_AUTOS = YES_AGGRESSIVE;
				GCC_WARN_UNUSED_FUNCTION = YES;
				GCC_WARN_UNUSED_VARIABLE = YES;
				IPHONEOS_DEPLOYMENT_TARGET = 18.5;
				LOCALIZATION_PREFERS_STRING_CATALOGS = YES;
				MTL_ENABLE_DEBUG_INFO = INCLUDE_SOURCE;
				MTL_FAST_MATH = YES;
				ONLY_ACTIVE_ARCH = YES;
				SDKROOT = iphoneos;
				SWIFT_ACTIVE_COMPILATION_CONDITIONS = "DEBUG $(inherited)";
				SWIFT_OPTIMIZATION_LEVEL = "-Onone";
			};
			name = Debug;
		};
		2595F39A2E2E907400E293B2 /* Release */ = {
			isa = XCBuildConfiguration;
			buildSettings = {
				ALWAYS_SEARCH_USER_PATHS = NO;
				ASSETCATALOG_COMPILER_GENERATE_SWIFT_ASSET_SYMBOL_EXTENSIONS = YES;
				CLANG_ANALYZER_NONNULL = YES;
				CLANG_ANALYZER_NUMBER_OBJECT_CONVERSION = YES_AGGRESSIVE;
				CLANG_CXX_LANGUAGE_STANDARD = "gnu++20";
				CLANG_ENABLE_MODULES = YES;
				CLANG_ENABLE_OBJC_ARC = YES;
				CLANG_ENABLE_OBJC_WEAK = YES;
				CLANG_WARN_BLOCK_CAPTURE_AUTORELEASING = YES;
				CLANG_WARN_BOOL_CONVERSION = YES;
				CLANG_WARN_COMMA = YES;
				CLANG_WARN_CONSTANT_CONVERSION = YES;
				CLANG_WARN_DEPRECATED_OBJC_IMPLEMENTATIONS = YES;
				CLANG_WARN_DIRECT_OBJC_ISA_USAGE = YES_ERROR;
				CLANG_WARN_DOCUMENTATION_COMMENTS = YES;
				CLANG_WARN_EMPTY_BODY = YES;
				CLANG_WARN_ENUM_CONVERSION = YES;
				CLANG_WARN_INFINITE_RECURSION = YES;
				CLANG_WARN_INT_CONVERSION = YES;
				CLANG_WARN_NON_LITERAL_NULL_CONVERSION = YES;
				CLANG_WARN_OBJC_IMPLICIT_RETAIN_SELF = YES;
				CLANG_WARN_OBJC_LITERAL_CONVERSION = YES;
				CLANG_WARN_OBJC_ROOT_CLASS = YES_ERROR;
				CLANG_WARN_QUOTED_INCLUDE_IN_FRAMEWORK_HEADER = YES;
				CLANG_WARN_RANGE_LOOP_ANALYSIS = YES;
				CLANG_WARN_STRICT_PROTOTYPES = YES;
				CLANG_WARN_SUSPICIOUS_MOVE = YES;
				CLANG_WARN_UNGUARDED_AVAILABILITY = YES_AGGRESSIVE;
				CLANG_WARN_UNREACHABLE_CODE = YES;
				CLANG_WARN__DUPLICATE_METHOD_MATCH = YES;
				COPY_PHASE_STRIP = NO;
				DEBUG_INFORMATION_FORMAT = "dwarf-with-dsym";
				DEVELOPMENT_TEAM = 4VFRVNS33P;
				ENABLE_NS_ASSERTIONS = NO;
				ENABLE_STRICT_OBJC_MSGSEND = YES;
				ENABLE_USER_SCRIPT_SANDBOXING = YES;
				GCC_C_LANGUAGE_STANDARD = gnu17;
				GCC_NO_COMMON_BLOCKS = YES;
				GCC_WARN_64_TO_32_BIT_CONVERSION = YES;
				GCC_WARN_ABOUT_RETURN_TYPE = YES_ERROR;
				GCC_WARN_UNDECLARED_SELECTOR = YES;
				GCC_WARN_UNINITIALIZED_AUTOS = YES_AGGRESSIVE;
				GCC_WARN_UNUSED_FUNCTION = YES;
				GCC_WARN_UNUSED_VARIABLE = YES;
				IPHONEOS_DEPLOYMENT_TARGET = 18.5;
				LOCALIZATION_PREFERS_STRING_CATALOGS = YES;
				MTL_ENABLE_DEBUG_INFO = NO;
				MTL_FAST_MATH = YES;
				SDKROOT = iphoneos;
				SWIFT_COMPILATION_MODE = wholemodule;
				VALIDATE_PRODUCT = YES;
			};
			name = Release;
		};
		2595F39C2E2E907400E293B2 /* Debug */ = {
			isa = XCBuildConfiguration;
			baseConfigurationReference = 24D792AFA642EFBE51AF0CA6 /* Pods-JikgwanEottaeTests.debug.xcconfig */;
			buildSettings = {
				BUNDLE_LOADER = "$(TEST_HOST)";
				CODE_SIGN_STYLE = Automatic;
				CURRENT_PROJECT_VERSION = 1;
				DEVELOPMENT_TEAM = 4VFRVNS33P;
				GENERATE_INFOPLIST_FILE = YES;
				IPHONEOS_DEPLOYMENT_TARGET = 18.5;
				MARKETING_VERSION = 1.0;
				PRODUCT_BUNDLE_IDENTIFIER = com.stitch.JikgwanEottaeTests;
				PRODUCT_NAME = "$(TARGET_NAME)";
				SWIFT_EMIT_LOC_STRINGS = NO;
				SWIFT_VERSION = 5.0;
				TARGETED_DEVICE_FAMILY = "1,2";
				TEST_HOST = "$(BUILT_PRODUCTS_DIR)/JikgwanEottae.app/$(BUNDLE_EXECUTABLE_FOLDER_PATH)/JikgwanEottae";
			};
			name = Debug;
		};
		2595F39D2E2E907400E293B2 /* Release */ = {
			isa = XCBuildConfiguration;
			baseConfigurationReference = 1240A95680BF90E572159DBE /* Pods-JikgwanEottaeTests.release.xcconfig */;
			buildSettings = {
				BUNDLE_LOADER = "$(TEST_HOST)";
				CODE_SIGN_STYLE = Automatic;
				CURRENT_PROJECT_VERSION = 1;
				DEVELOPMENT_TEAM = 4VFRVNS33P;
				GENERATE_INFOPLIST_FILE = YES;
				IPHONEOS_DEPLOYMENT_TARGET = 18.5;
				MARKETING_VERSION = 1.0;
				PRODUCT_BUNDLE_IDENTIFIER = com.stitch.JikgwanEottaeTests;
				PRODUCT_NAME = "$(TARGET_NAME)";
				SWIFT_EMIT_LOC_STRINGS = NO;
				SWIFT_VERSION = 5.0;
				TARGETED_DEVICE_FAMILY = "1,2";
				TEST_HOST = "$(BUILT_PRODUCTS_DIR)/JikgwanEottae.app/$(BUNDLE_EXECUTABLE_FOLDER_PATH)/JikgwanEottae";
			};
			name = Release;
		};
		2595F39F2E2E907400E293B2 /* Debug */ = {
			isa = XCBuildConfiguration;
			baseConfigurationReference = 46BAF2A5889FD61FA3FD3970 /* Pods-JikgwanEottae-JikgwanEottaeUITests.debug.xcconfig */;
			buildSettings = {
				CODE_SIGN_STYLE = Automatic;
				CURRENT_PROJECT_VERSION = 1;
				DEVELOPMENT_TEAM = 4VFRVNS33P;
				GENERATE_INFOPLIST_FILE = YES;
				MARKETING_VERSION = 1.0;
				PRODUCT_BUNDLE_IDENTIFIER = com.stitch.JikgwanEottaeUITests;
				PRODUCT_NAME = "$(TARGET_NAME)";
				SWIFT_EMIT_LOC_STRINGS = NO;
				SWIFT_VERSION = 5.0;
				TARGETED_DEVICE_FAMILY = "1,2";
				TEST_TARGET_NAME = JikgwanEottae;
			};
			name = Debug;
		};
		2595F3A02E2E907400E293B2 /* Release */ = {
			isa = XCBuildConfiguration;
			baseConfigurationReference = 9198CFC8B94D1FB4354331A1 /* Pods-JikgwanEottae-JikgwanEottaeUITests.release.xcconfig */;
			buildSettings = {
				CODE_SIGN_STYLE = Automatic;
				CURRENT_PROJECT_VERSION = 1;
				DEVELOPMENT_TEAM = 4VFRVNS33P;
				GENERATE_INFOPLIST_FILE = YES;
				MARKETING_VERSION = 1.0;
				PRODUCT_BUNDLE_IDENTIFIER = com.stitch.JikgwanEottaeUITests;
				PRODUCT_NAME = "$(TARGET_NAME)";
				SWIFT_EMIT_LOC_STRINGS = NO;
				SWIFT_VERSION = 5.0;
				TARGETED_DEVICE_FAMILY = "1,2";
				TEST_TARGET_NAME = JikgwanEottae;
			};
			name = Release;
		};
/* End XCBuildConfiguration section */

/* Begin XCConfigurationList section */
		2595F3652E2E907300E293B2 /* Build configuration list for PBXProject "JikgwanEottae" */ = {
			isa = XCConfigurationList;
			buildConfigurations = (
				2595F3992E2E907400E293B2 /* Debug */,
				2595F39A2E2E907400E293B2 /* Release */,
			);
			defaultConfigurationIsVisible = 0;
			defaultConfigurationName = Release;
		};
		2595F3962E2E907400E293B2 /* Build configuration list for PBXNativeTarget "JikgwanEottae" */ = {
			isa = XCConfigurationList;
			buildConfigurations = (
				2595F3972E2E907400E293B2 /* Debug */,
				2595F3982E2E907400E293B2 /* Release */,
			);
			defaultConfigurationIsVisible = 0;
			defaultConfigurationName = Release;
		};
		2595F39B2E2E907400E293B2 /* Build configuration list for PBXNativeTarget "JikgwanEottaeTests" */ = {
			isa = XCConfigurationList;
			buildConfigurations = (
				2595F39C2E2E907400E293B2 /* Debug */,
				2595F39D2E2E907400E293B2 /* Release */,
			);
			defaultConfigurationIsVisible = 0;
			defaultConfigurationName = Release;
		};
		2595F39E2E2E907400E293B2 /* Build configuration list for PBXNativeTarget "JikgwanEottaeUITests" */ = {
			isa = XCConfigurationList;
			buildConfigurations = (
				2595F39F2E2E907400E293B2 /* Debug */,
				2595F3A02E2E907400E293B2 /* Release */,
			);
			defaultConfigurationIsVisible = 0;
			defaultConfigurationName = Release;
		};
/* End XCConfigurationList section */
	};
	rootObject = 2595F3622E2E907300E293B2 /* Project object */;
}
